
Microsoft Visual Studio Solution File, Format Version 12.00
# Visual Studio 15
VisualStudioVersion = 15.0.26430.13
MinimumVisualStudioVersion = 10.0.40219.1
Project("{FAE04EC0-301F-11D3-BF4B-00C04F79EFBC}") = "DroneLander.Android", "DroneLander\DroneLander.Android\DroneLander.Android.csproj", "{43970170-CBAC-4E9E-A108-08590479C8D5}"
EndProject
Project("{FAE04EC0-301F-11D3-BF4B-00C04F79EFBC}") = "DroneLander", "DroneLander\DroneLander\DroneLander.csproj", "{5C145D49-5348-494F-A355-7E04D2C3524E}"
EndProject
Project("{FAE04EC0-301F-11D3-BF4B-00C04F79EFBC}") = "DroneLander.UWP", "DroneLander\DroneLander.UWP\DroneLander.UWP.csproj", "{F34DAD1D-8AA0-4A6B-9E7F-92A76AA78DEA}"
EndProject
Project("{FAE04EC0-301F-11D3-BF4B-00C04F79EFBC}") = "DroneLander.iOS", "DroneLander\DroneLander.iOS\DroneLander.iOS.csproj", "{9FF8D2B6-FB1B-43F9-A1F4-704420B2BF32}"
EndProject
Global
	GlobalSection(SolutionConfigurationPlatforms) = preSolution
		Ad-Hoc|Any CPU = Ad-Hoc|Any CPU
		Ad-Hoc|ARM = Ad-Hoc|ARM
		Ad-Hoc|iPhone = Ad-Hoc|iPhone
		Ad-Hoc|iPhoneSimulator = Ad-Hoc|iPhoneSimulator
		Ad-Hoc|x64 = Ad-Hoc|x64
		Ad-Hoc|x86 = Ad-Hoc|x86
		AppStore|Any CPU = AppStore|Any CPU
		AppStore|ARM = AppStore|ARM
		AppStore|iPhone = AppStore|iPhone
		AppStore|iPhoneSimulator = AppStore|iPhoneSimulator
		AppStore|x64 = AppStore|x64
		AppStore|x86 = AppStore|x86
		Debug|Any CPU = Debug|Any CPU
		Debug|ARM = Debug|ARM
		Debug|iPhone = Debug|iPhone
		Debug|iPhoneSimulator = Debug|iPhoneSimulator
		Debug|x64 = Debug|x64
		Debug|x86 = Debug|x86
		Release|Any CPU = Release|Any CPU
		Release|ARM = Release|ARM
		Release|iPhone = Release|iPhone
		Release|iPhoneSimulator = Release|iPhoneSimulator
		Release|x64 = Release|x64
		Release|x86 = Release|x86
	EndGlobalSection
	GlobalSection(ProjectConfigurationPlatforms) = postSolution
		{43970170-CBAC-4E9E-A108-08590479C8D5}.Ad-Hoc|Any CPU.ActiveCfg = Release|Any CPU
		{43970170-CBAC-4E9E-A108-08590479C8D5}.Ad-Hoc|Any CPU.Build.0 = Release|Any CPU
		{43970170-CBAC-4E9E-A108-08590479C8D5}.Ad-Hoc|Any CPU.Deploy.0 = Release|Any CPU
		{43970170-CBAC-4E9E-A108-08590479C8D5}.Ad-Hoc|ARM.ActiveCfg = Release|Any CPU
		{43970170-CBAC-4E9E-A108-08590479C8D5}.Ad-Hoc|ARM.Build.0 = Release|Any CPU
		{43970170-CBAC-4E9E-A108-08590479C8D5}.Ad-Hoc|ARM.Deploy.0 = Release|Any CPU
		{43970170-CBAC-4E9E-A108-08590479C8D5}.Ad-Hoc|iPhone.ActiveCfg = Release|Any CPU
		{43970170-CBAC-4E9E-A108-08590479C8D5}.Ad-Hoc|iPhone.Build.0 = Release|Any CPU
		{43970170-CBAC-4E9E-A108-08590479C8D5}.Ad-Hoc|iPhone.Deploy.0 = Release|Any CPU
		{43970170-CBAC-4E9E-A108-08590479C8D5}.Ad-Hoc|iPhoneSimulator.ActiveCfg = Release|Any CPU
		{43970170-CBAC-4E9E-A108-08590479C8D5}.Ad-Hoc|iPhoneSimulator.Build.0 = Release|Any CPU
		{43970170-CBAC-4E9E-A108-08590479C8D5}.Ad-Hoc|iPhoneSimulator.Deploy.0 = Release|Any CPU
		{43970170-CBAC-4E9E-A108-08590479C8D5}.Ad-Hoc|x64.ActiveCfg = Release|Any CPU
		{43970170-CBAC-4E9E-A108-08590479C8D5}.Ad-Hoc|x64.Build.0 = Release|Any CPU
		{43970170-CBAC-4E9E-A108-08590479C8D5}.Ad-Hoc|x64.Deploy.0 = Release|Any CPU
		{43970170-CBAC-4E9E-A108-08590479C8D5}.Ad-Hoc|x86.ActiveCfg = Release|Any CPU
		{43970170-CBAC-4E9E-A108-08590479C8D5}.Ad-Hoc|x86.Build.0 = Release|Any CPU
		{43970170-CBAC-4E9E-A108-08590479C8D5}.Ad-Hoc|x86.Deploy.0 = Release|Any CPU
		{43970170-CBAC-4E9E-A108-08590479C8D5}.AppStore|Any CPU.ActiveCfg = Release|Any CPU
		{43970170-CBAC-4E9E-A108-08590479C8D5}.AppStore|Any CPU.Build.0 = Release|Any CPU
		{43970170-CBAC-4E9E-A108-08590479C8D5}.AppStore|Any CPU.Deploy.0 = Release|Any CPU
		{43970170-CBAC-4E9E-A108-08590479C8D5}.AppStore|ARM.ActiveCfg = Release|Any CPU
		{43970170-CBAC-4E9E-A108-08590479C8D5}.AppStore|ARM.Build.0 = Release|Any CPU
		{43970170-CBAC-4E9E-A108-08590479C8D5}.AppStore|ARM.Deploy.0 = Release|Any CPU
		{43970170-CBAC-4E9E-A108-08590479C8D5}.AppStore|iPhone.ActiveCfg = Release|Any CPU
		{43970170-CBAC-4E9E-A108-08590479C8D5}.AppStore|iPhone.Build.0 = Release|Any CPU
		{43970170-CBAC-4E9E-A108-08590479C8D5}.AppStore|iPhone.Deploy.0 = Release|Any CPU
		{43970170-CBAC-4E9E-A108-08590479C8D5}.AppStore|iPhoneSimulator.ActiveCfg = Release|Any CPU
		{43970170-CBAC-4E9E-A108-08590479C8D5}.AppStore|iPhoneSimulator.Build.0 = Release|Any CPU
		{43970170-CBAC-4E9E-A108-08590479C8D5}.AppStore|iPhoneSimulator.Deploy.0 = Release|Any CPU
		{43970170-CBAC-4E9E-A108-08590479C8D5}.AppStore|x64.ActiveCfg = Release|Any CPU
		{43970170-CBAC-4E9E-A108-08590479C8D5}.AppStore|x64.Build.0 = Release|Any CPU
		{43970170-CBAC-4E9E-A108-08590479C8D5}.AppStore|x64.Deploy.0 = Release|Any CPU
		{43970170-CBAC-4E9E-A108-08590479C8D5}.AppStore|x86.ActiveCfg = Release|Any CPU
		{43970170-CBAC-4E9E-A108-08590479C8D5}.AppStore|x86.Build.0 = Release|Any CPU
		{43970170-CBAC-4E9E-A108-08590479C8D5}.AppStore|x86.Deploy.0 = Release|Any CPU
		{43970170-CBAC-4E9E-A108-08590479C8D5}.Debug|Any CPU.ActiveCfg = Debug|Any CPU
		{43970170-CBAC-4E9E-A108-08590479C8D5}.Debug|Any CPU.Build.0 = Debug|Any CPU
		{43970170-CBAC-4E9E-A108-08590479C8D5}.Debug|Any CPU.Deploy.0 = Debug|Any CPU
		{43970170-CBAC-4E9E-A108-08590479C8D5}.Debug|ARM.ActiveCfg = Debug|Any CPU
		{43970170-CBAC-4E9E-A108-08590479C8D5}.Debug|ARM.Build.0 = Debug|Any CPU
		{43970170-CBAC-4E9E-A108-08590479C8D5}.Debug|ARM.Deploy.0 = Debug|Any CPU
		{43970170-CBAC-4E9E-A108-08590479C8D5}.Debug|iPhone.ActiveCfg = Debug|Any CPU
		{43970170-CBAC-4E9E-A108-08590479C8D5}.Debug|iPhone.Build.0 = Debug|Any CPU
		{43970170-CBAC-4E9E-A108-08590479C8D5}.Debug|iPhone.Deploy.0 = Debug|Any CPU
		{43970170-CBAC-4E9E-A108-08590479C8D5}.Debug|iPhoneSimulator.ActiveCfg = Debug|Any CPU
		{43970170-CBAC-4E9E-A108-08590479C8D5}.Debug|iPhoneSimulator.Build.0 = Debug|Any CPU
		{43970170-CBAC-4E9E-A108-08590479C8D5}.Debug|iPhoneSimulator.Deploy.0 = Debug|Any CPU
		{43970170-CBAC-4E9E-A108-08590479C8D5}.Debug|x64.ActiveCfg = Debug|Any CPU
		{43970170-CBAC-4E9E-A108-08590479C8D5}.Debug|x64.Build.0 = Debug|Any CPU
		{43970170-CBAC-4E9E-A108-08590479C8D5}.Debug|x64.Deploy.0 = Debug|Any CPU
		{43970170-CBAC-4E9E-A108-08590479C8D5}.Debug|x86.ActiveCfg = Debug|Any CPU
		{43970170-CBAC-4E9E-A108-08590479C8D5}.Debug|x86.Build.0 = Debug|Any CPU
		{43970170-CBAC-4E9E-A108-08590479C8D5}.Debug|x86.Deploy.0 = Debug|Any CPU
		{43970170-CBAC-4E9E-A108-08590479C8D5}.Release|Any CPU.ActiveCfg = Release|Any CPU
		{43970170-CBAC-4E9E-A108-08590479C8D5}.Release|Any CPU.Build.0 = Release|Any CPU
		{43970170-CBAC-4E9E-A108-08590479C8D5}.Release|Any CPU.Deploy.0 = Release|Any CPU
		{43970170-CBAC-4E9E-A108-08590479C8D5}.Release|ARM.ActiveCfg = Release|Any CPU
		{43970170-CBAC-4E9E-A108-08590479C8D5}.Release|ARM.Build.0 = Release|Any CPU
		{43970170-CBAC-4E9E-A108-08590479C8D5}.Release|ARM.Deploy.0 = Release|Any CPU
		{43970170-CBAC-4E9E-A108-08590479C8D5}.Release|iPhone.ActiveCfg = Release|Any CPU
		{43970170-CBAC-4E9E-A108-08590479C8D5}.Release|iPhone.Build.0 = Release|Any CPU
		{43970170-CBAC-4E9E-A108-08590479C8D5}.Release|iPhone.Deploy.0 = Release|Any CPU
		{43970170-CBAC-4E9E-A108-08590479C8D5}.Release|iPhoneSimulator.ActiveCfg = Release|Any CPU
		{43970170-CBAC-4E9E-A108-08590479C8D5}.Release|iPhoneSimulator.Build.0 = Release|Any CPU
		{43970170-CBAC-4E9E-A108-08590479C8D5}.Release|iPhoneSimulator.Deploy.0 = Release|Any CPU
		{43970170-CBAC-4E9E-A108-08590479C8D5}.Release|x64.ActiveCfg = Release|Any CPU
		{43970170-CBAC-4E9E-A108-08590479C8D5}.Release|x64.Build.0 = Release|Any CPU
		{43970170-CBAC-4E9E-A108-08590479C8D5}.Release|x64.Deploy.0 = Release|Any CPU
		{43970170-CBAC-4E9E-A108-08590479C8D5}.Release|x86.ActiveCfg = Release|Any CPU
		{43970170-CBAC-4E9E-A108-08590479C8D5}.Release|x86.Build.0 = Release|Any CPU
		{43970170-CBAC-4E9E-A108-08590479C8D5}.Release|x86.Deploy.0 = Release|Any CPU
		{5C145D49-5348-494F-A355-7E04D2C3524E}.Ad-Hoc|Any CPU.ActiveCfg = Release|Any CPU
		{5C145D49-5348-494F-A355-7E04D2C3524E}.Ad-Hoc|Any CPU.Build.0 = Release|Any CPU
		{5C145D49-5348-494F-A355-7E04D2C3524E}.Ad-Hoc|ARM.ActiveCfg = Release|Any CPU
		{5C145D49-5348-494F-A355-7E04D2C3524E}.Ad-Hoc|ARM.Build.0 = Release|Any CPU
		{5C145D49-5348-494F-A355-7E04D2C3524E}.Ad-Hoc|iPhone.ActiveCfg = Release|Any CPU
		{5C145D49-5348-494F-A355-7E04D2C3524E}.Ad-Hoc|iPhone.Build.0 = Release|Any CPU
		{5C145D49-5348-494F-A355-7E04D2C3524E}.Ad-Hoc|iPhoneSimulator.ActiveCfg = Release|Any CPU
		{5C145D49-5348-494F-A355-7E04D2C3524E}.Ad-Hoc|iPhoneSimulator.Build.0 = Release|Any CPU
		{5C145D49-5348-494F-A355-7E04D2C3524E}.Ad-Hoc|x64.ActiveCfg = Release|Any CPU
		{5C145D49-5348-494F-A355-7E04D2C3524E}.Ad-Hoc|x64.Build.0 = Release|Any CPU
		{5C145D49-5348-494F-A355-7E04D2C3524E}.Ad-Hoc|x86.ActiveCfg = Release|Any CPU
		{5C145D49-5348-494F-A355-7E04D2C3524E}.Ad-Hoc|x86.Build.0 = Release|Any CPU
		{5C145D49-5348-494F-A355-7E04D2C3524E}.AppStore|Any CPU.ActiveCfg = Release|Any CPU
		{5C145D49-5348-494F-A355-7E04D2C3524E}.AppStore|Any CPU.Build.0 = Release|Any CPU
		{5C145D49-5348-494F-A355-7E04D2C3524E}.AppStore|ARM.ActiveCfg = Release|Any CPU
		{5C145D49-5348-494F-A355-7E04D2C3524E}.AppStore|ARM.Build.0 = Release|Any CPU
		{5C145D49-5348-494F-A355-7E04D2C3524E}.AppStore|iPhone.ActiveCfg = Release|Any CPU
		{5C145D49-5348-494F-A355-7E04D2C3524E}.AppStore|iPhone.Build.0 = Release|Any CPU
		{5C145D49-5348-494F-A355-7E04D2C3524E}.AppStore|iPhoneSimulator.ActiveCfg = Release|Any CPU
		{5C145D49-5348-494F-A355-7E04D2C3524E}.AppStore|iPhoneSimulator.Build.0 = Release|Any CPU
		{5C145D49-5348-494F-A355-7E04D2C3524E}.AppStore|x64.ActiveCfg = Release|Any CPU
		{5C145D49-5348-494F-A355-7E04D2C3524E}.AppStore|x64.Build.0 = Release|Any CPU
		{5C145D49-5348-494F-A355-7E04D2C3524E}.AppStore|x86.ActiveCfg = Release|Any CPU
		{5C145D49-5348-494F-A355-7E04D2C3524E}.AppStore|x86.Build.0 = Release|Any CPU
		{5C145D49-5348-494F-A355-7E04D2C3524E}.Debug|Any CPU.ActiveCfg = Debug|Any CPU
		{5C145D49-5348-494F-A355-7E04D2C3524E}.Debug|Any CPU.Build.0 = Debug|Any CPU
		{5C145D49-5348-494F-A355-7E04D2C3524E}.Debug|ARM.ActiveCfg = Debug|Any CPU
		{5C145D49-5348-494F-A355-7E04D2C3524E}.Debug|ARM.Build.0 = Debug|Any CPU
		{5C145D49-5348-494F-A355-7E04D2C3524E}.Debug|iPhone.ActiveCfg = Debug|Any CPU
		{5C145D49-5348-494F-A355-7E04D2C3524E}.Debug|iPhone.Build.0 = Debug|Any CPU
		{5C145D49-5348-494F-A355-7E04D2C3524E}.Debug|iPhoneSimulator.ActiveCfg = Debug|Any CPU
		{5C145D49-5348-494F-A355-7E04D2C3524E}.Debug|iPhoneSimulator.Build.0 = Debug|Any CPU
		{5C145D49-5348-494F-A355-7E04D2C3524E}.Debug|x64.ActiveCfg = Debug|Any CPU
		{5C145D49-5348-494F-A355-7E04D2C3524E}.Debug|x64.Build.0 = Debug|Any CPU
		{5C145D49-5348-494F-A355-7E04D2C3524E}.Debug|x86.ActiveCfg = Debug|Any CPU
		{5C145D49-5348-494F-A355-7E04D2C3524E}.Debug|x86.Build.0 = Debug|Any CPU
		{5C145D49-5348-494F-A355-7E04D2C3524E}.Release|Any CPU.ActiveCfg = Release|Any CPU
		{5C145D49-5348-494F-A355-7E04D2C3524E}.Release|Any CPU.Build.0 = Release|Any CPU
		{5C145D49-5348-494F-A355-7E04D2C3524E}.Release|ARM.ActiveCfg = Release|Any CPU
		{5C145D49-5348-494F-A355-7E04D2C3524E}.Release|ARM.Build.0 = Release|Any CPU
		{5C145D49-5348-494F-A355-7E04D2C3524E}.Release|iPhone.ActiveCfg = Release|Any CPU
		{5C145D49-5348-494F-A355-7E04D2C3524E}.Release|iPhone.Build.0 = Release|Any CPU
		{5C145D49-5348-494F-A355-7E04D2C3524E}.Release|iPhoneSimulator.ActiveCfg = Release|Any CPU
		{5C145D49-5348-494F-A355-7E04D2C3524E}.Release|iPhoneSimulator.Build.0 = Release|Any CPU
		{5C145D49-5348-494F-A355-7E04D2C3524E}.Release|x64.ActiveCfg = Release|Any CPU
		{5C145D49-5348-494F-A355-7E04D2C3524E}.Release|x64.Build.0 = Release|Any CPU
		{5C145D49-5348-494F-A355-7E04D2C3524E}.Release|x86.ActiveCfg = Release|Any CPU
		{5C145D49-5348-494F-A355-7E04D2C3524E}.Release|x86.Build.0 = Release|Any CPU
		{F34DAD1D-8AA0-4A6B-9E7F-92A76AA78DEA}.Ad-Hoc|Any CPU.ActiveCfg = Release|x86
		{F34DAD1D-8AA0-4A6B-9E7F-92A76AA78DEA}.Ad-Hoc|Any CPU.Build.0 = Release|x86
		{F34DAD1D-8AA0-4A6B-9E7F-92A76AA78DEA}.Ad-Hoc|Any CPU.Deploy.0 = Release|x86
		{F34DAD1D-8AA0-4A6B-9E7F-92A76AA78DEA}.Ad-Hoc|ARM.ActiveCfg = Release|ARM
		{F34DAD1D-8AA0-4A6B-9E7F-92A76AA78DEA}.Ad-Hoc|ARM.Build.0 = Release|ARM
		{F34DAD1D-8AA0-4A6B-9E7F-92A76AA78DEA}.Ad-Hoc|ARM.Deploy.0 = Release|ARM
		{F34DAD1D-8AA0-4A6B-9E7F-92A76AA78DEA}.Ad-Hoc|iPhone.ActiveCfg = Release|x86
		{F34DAD1D-8AA0-4A6B-9E7F-92A76AA78DEA}.Ad-Hoc|iPhone.Build.0 = Release|x86
		{F34DAD1D-8AA0-4A6B-9E7F-92A76AA78DEA}.Ad-Hoc|iPhone.Deploy.0 = Release|x86
		{F34DAD1D-8AA0-4A6B-9E7F-92A76AA78DEA}.Ad-Hoc|iPhoneSimulator.ActiveCfg = Release|x86
		{F34DAD1D-8AA0-4A6B-9E7F-92A76AA78DEA}.Ad-Hoc|iPhoneSimulator.Build.0 = Release|x86
		{F34DAD1D-8AA0-4A6B-9E7F-92A76AA78DEA}.Ad-Hoc|iPhoneSimulator.Deploy.0 = Release|x86
		{F34DAD1D-8AA0-4A6B-9E7F-92A76AA78DEA}.Ad-Hoc|x64.ActiveCfg = Release|x64
		{F34DAD1D-8AA0-4A6B-9E7F-92A76AA78DEA}.Ad-Hoc|x64.Build.0 = Release|x64
		{F34DAD1D-8AA0-4A6B-9E7F-92A76AA78DEA}.Ad-Hoc|x64.Deploy.0 = Release|x64
		{F34DAD1D-8AA0-4A6B-9E7F-92A76AA78DEA}.Ad-Hoc|x86.ActiveCfg = Release|x86
		{F34DAD1D-8AA0-4A6B-9E7F-92A76AA78DEA}.Ad-Hoc|x86.Build.0 = Release|x86
		{F34DAD1D-8AA0-4A6B-9E7F-92A76AA78DEA}.Ad-Hoc|x86.Deploy.0 = Release|x86
		{F34DAD1D-8AA0-4A6B-9E7F-92A76AA78DEA}.AppStore|Any CPU.ActiveCfg = Release|x86
		{F34DAD1D-8AA0-4A6B-9E7F-92A76AA78DEA}.AppStore|Any CPU.Build.0 = Release|x86
		{F34DAD1D-8AA0-4A6B-9E7F-92A76AA78DEA}.AppStore|Any CPU.Deploy.0 = Release|x86
		{F34DAD1D-8AA0-4A6B-9E7F-92A76AA78DEA}.AppStore|ARM.ActiveCfg = Release|ARM
		{F34DAD1D-8AA0-4A6B-9E7F-92A76AA78DEA}.AppStore|ARM.Build.0 = Release|ARM
		{F34DAD1D-8AA0-4A6B-9E7F-92A76AA78DEA}.AppStore|ARM.Deploy.0 = Release|ARM
		{F34DAD1D-8AA0-4A6B-9E7F-92A76AA78DEA}.AppStore|iPhone.ActiveCfg = Release|x86
		{F34DAD1D-8AA0-4A6B-9E7F-92A76AA78DEA}.AppStore|iPhone.Build.0 = Release|x86
		{F34DAD1D-8AA0-4A6B-9E7F-92A76AA78DEA}.AppStore|iPhone.Deploy.0 = Release|x86
		{F34DAD1D-8AA0-4A6B-9E7F-92A76AA78DEA}.AppStore|iPhoneSimulator.ActiveCfg = Release|x86
		{F34DAD1D-8AA0-4A6B-9E7F-92A76AA78DEA}.AppStore|iPhoneSimulator.Build.0 = Release|x86
		{F34DAD1D-8AA0-4A6B-9E7F-92A76AA78DEA}.AppStore|iPhoneSimulator.Deploy.0 = Release|x86
		{F34DAD1D-8AA0-4A6B-9E7F-92A76AA78DEA}.AppStore|x64.ActiveCfg = Release|x64
		{F34DAD1D-8AA0-4A6B-9E7F-92A76AA78DEA}.AppStore|x64.Build.0 = Release|x64
		{F34DAD1D-8AA0-4A6B-9E7F-92A76AA78DEA}.AppStore|x64.Deploy.0 = Release|x64
		{F34DAD1D-8AA0-4A6B-9E7F-92A76AA78DEA}.AppStore|x86.ActiveCfg = Release|x86
		{F34DAD1D-8AA0-4A6B-9E7F-92A76AA78DEA}.AppStore|x86.Build.0 = Release|x86
		{F34DAD1D-8AA0-4A6B-9E7F-92A76AA78DEA}.AppStore|x86.Deploy.0 = Release|x86
		{F34DAD1D-8AA0-4A6B-9E7F-92A76AA78DEA}.Debug|Any CPU.ActiveCfg = Debug|x86
		{F34DAD1D-8AA0-4A6B-9E7F-92A76AA78DEA}.Debug|Any CPU.Build.0 = Debug|x86
		{F34DAD1D-8AA0-4A6B-9E7F-92A76AA78DEA}.Debug|Any CPU.Deploy.0 = Debug|x86
		{F34DAD1D-8AA0-4A6B-9E7F-92A76AA78DEA}.Debug|ARM.ActiveCfg = Debug|ARM
		{F34DAD1D-8AA0-4A6B-9E7F-92A76AA78DEA}.Debug|ARM.Build.0 = Debug|ARM
		{F34DAD1D-8AA0-4A6B-9E7F-92A76AA78DEA}.Debug|ARM.Deploy.0 = Debug|ARM
		{F34DAD1D-8AA0-4A6B-9E7F-92A76AA78DEA}.Debug|iPhone.ActiveCfg = Debug|x86
		{F34DAD1D-8AA0-4A6B-9E7F-92A76AA78DEA}.Debug|iPhoneSimulator.ActiveCfg = Debug|x86
		{F34DAD1D-8AA0-4A6B-9E7F-92A76AA78DEA}.Debug|x64.ActiveCfg = Debug|x64
		{F34DAD1D-8AA0-4A6B-9E7F-92A76AA78DEA}.Debug|x64.Build.0 = Debug|x64
		{F34DAD1D-8AA0-4A6B-9E7F-92A76AA78DEA}.Debug|x64.Deploy.0 = Debug|x64
		{F34DAD1D-8AA0-4A6B-9E7F-92A76AA78DEA}.Debug|x86.ActiveCfg = Debug|x86
		{F34DAD1D-8AA0-4A6B-9E7F-92A76AA78DEA}.Debug|x86.Build.0 = Debug|x86
		{F34DAD1D-8AA0-4A6B-9E7F-92A76AA78DEA}.Debug|x86.Deploy.0 = Debug|x86
		{F34DAD1D-8AA0-4A6B-9E7F-92A76AA78DEA}.Release|Any CPU.ActiveCfg = Release|x86
		{F34DAD1D-8AA0-4A6B-9E7F-92A76AA78DEA}.Release|Any CPU.Build.0 = Release|x86
		{F34DAD1D-8AA0-4A6B-9E7F-92A76AA78DEA}.Release|Any CPU.Deploy.0 = Release|x86
		{F34DAD1D-8AA0-4A6B-9E7F-92A76AA78DEA}.Release|ARM.ActiveCfg = Release|ARM
		{F34DAD1D-8AA0-4A6B-9E7F-92A76AA78DEA}.Release|ARM.Build.0 = Release|ARM
		{F34DAD1D-8AA0-4A6B-9E7F-92A76AA78DEA}.Release|ARM.Deploy.0 = Release|ARM
		{F34DAD1D-8AA0-4A6B-9E7F-92A76AA78DEA}.Release|iPhone.ActiveCfg = Release|x86
		{F34DAD1D-8AA0-4A6B-9E7F-92A76AA78DEA}.Release|iPhoneSimulator.ActiveCfg = Release|x86
		{F34DAD1D-8AA0-4A6B-9E7F-92A76AA78DEA}.Release|x64.ActiveCfg = Release|x64
		{F34DAD1D-8AA0-4A6B-9E7F-92A76AA78DEA}.Release|x64.Build.0 = Release|x64
		{F34DAD1D-8AA0-4A6B-9E7F-92A76AA78DEA}.Release|x64.Deploy.0 = Release|x64
		{F34DAD1D-8AA0-4A6B-9E7F-92A76AA78DEA}.Release|x86.ActiveCfg = Release|x86
		{F34DAD1D-8AA0-4A6B-9E7F-92A76AA78DEA}.Release|x86.Build.0 = Release|x86
		{F34DAD1D-8AA0-4A6B-9E7F-92A76AA78DEA}.Release|x86.Deploy.0 = Release|x86
		{9FF8D2B6-FB1B-43F9-A1F4-704420B2BF32}.Ad-Hoc|Any CPU.ActiveCfg = Ad-Hoc|iPhone
		{9FF8D2B6-FB1B-43F9-A1F4-704420B2BF32}.Ad-Hoc|ARM.ActiveCfg = Ad-Hoc|iPhone
		{9FF8D2B6-FB1B-43F9-A1F4-704420B2BF32}.Ad-Hoc|iPhone.ActiveCfg = Ad-Hoc|iPhone
		{9FF8D2B6-FB1B-43F9-A1F4-704420B2BF32}.Ad-Hoc|iPhone.Build.0 = Ad-Hoc|iPhone
		{9FF8D2B6-FB1B-43F9-A1F4-704420B2BF32}.Ad-Hoc|iPhoneSimulator.ActiveCfg = Ad-Hoc|iPhoneSimulator
		{9FF8D2B6-FB1B-43F9-A1F4-704420B2BF32}.Ad-Hoc|iPhoneSimulator.Build.0 = Ad-Hoc|iPhoneSimulator
		{9FF8D2B6-FB1B-43F9-A1F4-704420B2BF32}.Ad-Hoc|x64.ActiveCfg = Ad-Hoc|iPhone
		{9FF8D2B6-FB1B-43F9-A1F4-704420B2BF32}.Ad-Hoc|x86.ActiveCfg = Ad-Hoc|iPhone
		{9FF8D2B6-FB1B-43F9-A1F4-704420B2BF32}.AppStore|Any CPU.ActiveCfg = AppStore|iPhone
		{9FF8D2B6-FB1B-43F9-A1F4-704420B2BF32}.AppStore|ARM.ActiveCfg = AppStore|iPhone
		{9FF8D2B6-FB1B-43F9-A1F4-704420B2BF32}.AppStore|iPhone.ActiveCfg = AppStore|iPhone
		{9FF8D2B6-FB1B-43F9-A1F4-704420B2BF32}.AppStore|iPhone.Build.0 = AppStore|iPhone
		{9FF8D2B6-FB1B-43F9-A1F4-704420B2BF32}.AppStore|iPhoneSimulator.ActiveCfg = AppStore|iPhoneSimulator
		{9FF8D2B6-FB1B-43F9-A1F4-704420B2BF32}.AppStore|iPhoneSimulator.Build.0 = AppStore|iPhoneSimulator
		{9FF8D2B6-FB1B-43F9-A1F4-704420B2BF32}.AppStore|x64.ActiveCfg = AppStore|iPhone
		{9FF8D2B6-FB1B-43F9-A1F4-704420B2BF32}.AppStore|x86.ActiveCfg = AppStore|iPhone
		{9FF8D2B6-FB1B-43F9-A1F4-704420B2BF32}.Debug|Any CPU.ActiveCfg = Debug|iPhone
		{9FF8D2B6-FB1B-43F9-A1F4-704420B2BF32}.Debug|ARM.ActiveCfg = Debug|iPhone
		{9FF8D2B6-FB1B-43F9-A1F4-704420B2BF32}.Debug|iPhone.ActiveCfg = Debug|iPhone
		{9FF8D2B6-FB1B-43F9-A1F4-704420B2BF32}.Debug|iPhone.Build.0 = Debug|iPhone
		{9FF8D2B6-FB1B-43F9-A1F4-704420B2BF32}.Debug|iPhoneSimulator.ActiveCfg = Debug|iPhoneSimulator
		{9FF8D2B6-FB1B-43F9-A1F4-704420B2BF32}.Debug|iPhoneSimulator.Build.0 = Debug|iPhoneSimulator
		{9FF8D2B6-FB1B-43F9-A1F4-704420B2BF32}.Debug|x64.ActiveCfg = Debug|iPhone
		{9FF8D2B6-FB1B-43F9-A1F4-704420B2BF32}.Debug|x86.ActiveCfg = Debug|iPhone
		{9FF8D2B6-FB1B-43F9-A1F4-704420B2BF32}.Release|Any CPU.ActiveCfg = Release|iPhone
		{9FF8D2B6-FB1B-43F9-A1F4-704420B2BF32}.Release|ARM.ActiveCfg = Release|iPhone
		{9FF8D2B6-FB1B-43F9-A1F4-704420B2BF32}.Release|iPhone.ActiveCfg = Release|iPhone
		{9FF8D2B6-FB1B-43F9-A1F4-704420B2BF32}.Release|iPhone.Build.0 = Release|iPhone
		{9FF8D2B6-FB1B-43F9-A1F4-704420B2BF32}.Release|iPhoneSimulator.ActiveCfg = Release|iPhoneSimulator
		{9FF8D2B6-FB1B-43F9-A1F4-704420B2BF32}.Release|iPhoneSimulator.Build.0 = Release|iPhoneSimulator
		{9FF8D2B6-FB1B-43F9-A1F4-704420B2BF32}.Release|x64.ActiveCfg = Release|iPhone
		{9FF8D2B6-FB1B-43F9-A1F4-704420B2BF32}.Release|x86.ActiveCfg = Release|iPhone
	EndGlobalSection
	GlobalSection(SolutionProperties) = preSolution
		HideSolutionNode = FALSE
	EndGlobalSection
EndGlobal
